// !$*UTF8*$!
{
	archiveVersion = 1;
	classes = {
	};
	objectVersion = 50;
	objects = {

/* Begin PBXBuildFile section */
		79C77B7325D50D0100E6C86C /* AppDelegate.m in Sources */ = {isa = PBXBuildFile; fileRef = 79C77B7225D50D0100E6C86C /* AppDelegate.m */; };
		79C77B7625D50D0100E6C86C /* SceneDelegate.m in Sources */ = {isa = PBXBuildFile; fileRef = 79C77B7525D50D0100E6C86C /* SceneDelegate.m */; };
		79C77B7C25D50D0100E6C86C /* Main.storyboard in Resources */ = {isa = PBXBuildFile; fileRef = 79C77B7A25D50D0100E6C86C /* Main.storyboard */; };
		79C77B7E25D50D0500E6C86C /* Assets.xcassets in Resources */ = {isa = PBXBuildFile; fileRef = 79C77B7D25D50D0500E6C86C /* Assets.xcassets */; };
		79C77B8125D50D0500E6C86C /* LaunchScreen.storyboard in Resources */ = {isa = PBXBuildFile; fileRef = 79C77B7F25D50D0500E6C86C /* LaunchScreen.storyboard */; };
		79C77B8425D50D0500E6C86C /* main.m in Sources */ = {isa = PBXBuildFile; fileRef = 79C77B8325D50D0500E6C86C /* main.m */; };
		79C77B9925D50D0500E6C86C /* TheSwitcher_ObjcUITests.m in Sources */ = {isa = PBXBuildFile; fileRef = 79C77B9825D50D0500E6C86C /* TheSwitcher_ObjcUITests.m */; };
		79C77BB125D50D7400E6C86C /* DivisionsDataSource.m in Sources */ = {isa = PBXBuildFile; fileRef = 79C77BB025D50D7400E6C86C /* DivisionsDataSource.m */; };
		79C77BBA25D50D8800E6C86C /* DivisionsCell.m in Sources */ = {isa = PBXBuildFile; fileRef = 79C77BB925D50D8800E6C86C /* DivisionsCell.m */; };
		79C77BC025D50D9A00E6C86C /* ListViewController.m in Sources */ = {isa = PBXBuildFile; fileRef = 79C77BBF25D50D9A00E6C86C /* ListViewController.m */; };
		79C77BC625D50DA500E6C86C /* DetailViewController.m in Sources */ = {isa = PBXBuildFile; fileRef = 79C77BC525D50DA500E6C86C /* DetailViewController.m */; };
		79C77BF025D827DA00E6C86C /* FormattingTests.m in Sources */ = {isa = PBXBuildFile; fileRef = 79C77BEF25D827D900E6C86C /* FormattingTests.m */; };
		79C77BF625D82AFB00E6C86C /* Formatting.m in Sources */ = {isa = PBXBuildFile; fileRef = 79C77BF525D82AFB00E6C86C /* Formatting.m */; };
/* End PBXBuildFile section */

/* Begin PBXContainerItemProxy section */
		79C77B8A25D50D0500E6C86C /* PBXContainerItemProxy */ = {
			isa = PBXContainerItemProxy;
			containerPortal = 79C77B6625D50D0100E6C86C /* Project object */;
			proxyType = 1;
			remoteGlobalIDString = 79C77B6D25D50D0100E6C86C;
			remoteInfo = TheSwitcher_Objc;
		};
		79C77B9525D50D0500E6C86C /* PBXContainerItemProxy */ = {
			isa = PBXContainerItemProxy;
			containerPortal = 79C77B6625D50D0100E6C86C /* Project object */;
			proxyType = 1;
			remoteGlobalIDString = 79C77B6D25D50D0100E6C86C;
			remoteInfo = TheSwitcher_Objc;
		};
/* End PBXContainerItemProxy section */

/* Begin PBXFileReference section */
		79C77B6E25D50D0100E6C86C /* TheSwitcher_Objc.app */ = {isa = PBXFileReference; explicitFileType = wrapper.application; includeInIndex = 0; path = TheSwitcher_Objc.app; sourceTree = BUILT_PRODUCTS_DIR; };
		79C77B7125D50D0100E6C86C /* AppDelegate.h */ = {isa = PBXFileReference; lastKnownFileType = sourcecode.c.h; path = AppDelegate.h; sourceTree = "<group>"; };
		79C77B7225D50D0100E6C86C /* AppDelegate.m */ = {isa = PBXFileReference; lastKnownFileType = sourcecode.c.objc; path = AppDelegate.m; sourceTree = "<group>"; };
		79C77B7425D50D0100E6C86C /* SceneDelegate.h */ = {isa = PBXFileReference; lastKnownFileType = sourcecode.c.h; path = SceneDelegate.h; sourceTree = "<group>"; };
		79C77B7525D50D0100E6C86C /* SceneDelegate.m */ = {isa = PBXFileReference; lastKnownFileType = sourcecode.c.objc; path = SceneDelegate.m; sourceTree = "<group>"; };
		79C77B7B25D50D0100E6C86C /* Base */ = {isa = PBXFileReference; lastKnownFileType = file.storyboard; name = Base; path = Base.lproj/Main.storyboard; sourceTree = "<group>"; };
		79C77B7D25D50D0500E6C86C /* Assets.xcassets */ = {isa = PBXFileReference; lastKnownFileType = folder.assetcatalog; path = Assets.xcassets; sourceTree = "<group>"; };
		79C77B8025D50D0500E6C86C /* Base */ = {isa = PBXFileReference; lastKnownFileType = file.storyboard; name = Base; path = Base.lproj/LaunchScreen.storyboard; sourceTree = "<group>"; };
		79C77B8225D50D0500E6C86C /* Info.plist */ = {isa = PBXFileReference; lastKnownFileType = text.plist.xml; path = Info.plist; sourceTree = "<group>"; };
		79C77B8325D50D0500E6C86C /* main.m */ = {isa = PBXFileReference; lastKnownFileType = sourcecode.c.objc; path = main.m; sourceTree = "<group>"; };
		79C77B8925D50D0500E6C86C /* TheSwitcher_ObjcTests.xctest */ = {isa = PBXFileReference; explicitFileType = wrapper.cfbundle; includeInIndex = 0; path = TheSwitcher_ObjcTests.xctest; sourceTree = BUILT_PRODUCTS_DIR; };
		79C77B8F25D50D0500E6C86C /* Info.plist */ = {isa = PBXFileReference; lastKnownFileType = text.plist.xml; path = Info.plist; sourceTree = "<group>"; };
		79C77B9425D50D0500E6C86C /* TheSwitcher_ObjcUITests.xctest */ = {isa = PBXFileReference; explicitFileType = wrapper.cfbundle; includeInIndex = 0; path = TheSwitcher_ObjcUITests.xctest; sourceTree = BUILT_PRODUCTS_DIR; };
		79C77B9825D50D0500E6C86C /* TheSwitcher_ObjcUITests.m */ = {isa = PBXFileReference; lastKnownFileType = sourcecode.c.objc; path = TheSwitcher_ObjcUITests.m; sourceTree = "<group>"; };
		79C77B9A25D50D0500E6C86C /* Info.plist */ = {isa = PBXFileReference; lastKnownFileType = text.plist.xml; path = Info.plist; sourceTree = "<group>"; };
		79C77BAF25D50D7400E6C86C /* DivisionsDataSource.h */ = {isa = PBXFileReference; lastKnownFileType = sourcecode.c.h; path = DivisionsDataSource.h; sourceTree = "<group>"; };
		79C77BB025D50D7400E6C86C /* DivisionsDataSource.m */ = {isa = PBXFileReference; lastKnownFileType = sourcecode.c.objc; path = DivisionsDataSource.m; sourceTree = "<group>"; };
		79C77BB825D50D8800E6C86C /* DivisionsCell.h */ = {isa = PBXFileReference; lastKnownFileType = sourcecode.c.h; path = DivisionsCell.h; sourceTree = "<group>"; };
		79C77BB925D50D8800E6C86C /* DivisionsCell.m */ = {isa = PBXFileReference; lastKnownFileType = sourcecode.c.objc; path = DivisionsCell.m; sourceTree = "<group>"; };
		79C77BBE25D50D9A00E6C86C /* ListViewController.h */ = {isa = PBXFileReference; lastKnownFileType = sourcecode.c.h; path = ListViewController.h; sourceTree = "<group>"; };
		79C77BBF25D50D9A00E6C86C /* ListViewController.m */ = {isa = PBXFileReference; lastKnownFileType = sourcecode.c.objc; path = ListViewController.m; sourceTree = "<group>"; };
		79C77BC425D50DA500E6C86C /* DetailViewController.h */ = {isa = PBXFileReference; lastKnownFileType = sourcecode.c.h; path = DetailViewController.h; sourceTree = "<group>"; };
		79C77BC525D50DA500E6C86C /* DetailViewController.m */ = {isa = PBXFileReference; lastKnownFileType = sourcecode.c.objc; path = DetailViewController.m; sourceTree = "<group>"; };
		79C77BEF25D827D900E6C86C /* FormattingTests.m */ = {isa = PBXFileReference; lastKnownFileType = sourcecode.c.objc; path = FormattingTests.m; sourceTree = "<group>"; };
		79C77BF425D82AFB00E6C86C /* Formatting.h */ = {isa = PBXFileReference; lastKnownFileType = sourcecode.c.h; path = Formatting.h; sourceTree = "<group>"; };
		79C77BF525D82AFB00E6C86C /* Formatting.m */ = {isa = PBXFileReference; lastKnownFileType = sourcecode.c.objc; path = Formatting.m; sourceTree = "<group>"; };
/* End PBXFileReference section */

/* Begin PBXFrameworksBuildPhase section */
		79C77B6B25D50D0100E6C86C /* Frameworks */ = {
			isa = PBXFrameworksBuildPhase;
			buildActionMask = 2147483647;
			files = (
			);
			runOnlyForDeploymentPostprocessing = 0;
		};
		79C77B8625D50D0500E6C86C /* Frameworks */ = {
			isa = PBXFrameworksBuildPhase;
			buildActionMask = 2147483647;
			files = (
			);
			runOnlyForDeploymentPostprocessing = 0;
		};
		79C77B9125D50D0500E6C86C /* Frameworks */ = {
			isa = PBXFrameworksBuildPhase;
			buildActionMask = 2147483647;
			files = (
			);
			runOnlyForDeploymentPostprocessing = 0;
		};
/* End PBXFrameworksBuildPhase section */

/* Begin PBXGroup section */
		79C77B6525D50D0100E6C86C = {
			isa = PBXGroup;
			children = (
				79C77B7025D50D0100E6C86C /* TheSwitcher_Objc */,
				79C77B8C25D50D0500E6C86C /* TheSwitcher_ObjcTests */,
				79C77B9725D50D0500E6C86C /* TheSwitcher_ObjcUITests */,
				79C77B6F25D50D0100E6C86C /* Products */,
			);
			sourceTree = "<group>";
		};
		79C77B6F25D50D0100E6C86C /* Products */ = {
			isa = PBXGroup;
			children = (
				79C77B6E25D50D0100E6C86C /* TheSwitcher_Objc.app */,
				79C77B8925D50D0500E6C86C /* TheSwitcher_ObjcTests.xctest */,
				79C77B9425D50D0500E6C86C /* TheSwitcher_ObjcUITests.xctest */,
			);
			name = Products;
			sourceTree = "<group>";
		};
		79C77B7025D50D0100E6C86C /* TheSwitcher_Objc */ = {
			isa = PBXGroup;
			children = (
				79C77BA925D50D2900E6C86C /* App */,
				79C77BAB25D50D3D00E6C86C /* ListTableView */,
				79C77BAA25D50D2E00E6C86C /* ViewControllers */,
				79C77B7A25D50D0100E6C86C /* Main.storyboard */,
				79C77B7D25D50D0500E6C86C /* Assets.xcassets */,
				79C77B7F25D50D0500E6C86C /* LaunchScreen.storyboard */,
				79C77B8225D50D0500E6C86C /* Info.plist */,
				79C77B8325D50D0500E6C86C /* main.m */,
				79C77BF425D82AFB00E6C86C /* Formatting.h */,
				79C77BF525D82AFB00E6C86C /* Formatting.m */,
			);
			path = TheSwitcher_Objc;
			sourceTree = "<group>";
		};
		79C77B8C25D50D0500E6C86C /* TheSwitcher_ObjcTests */ = {
			isa = PBXGroup;
			children = (
				79C77B8F25D50D0500E6C86C /* Info.plist */,
				79C77BEF25D827D900E6C86C /* FormattingTests.m */,
			);
			path = TheSwitcher_ObjcTests;
			sourceTree = "<group>";
		};
		79C77B9725D50D0500E6C86C /* TheSwitcher_ObjcUITests */ = {
			isa = PBXGroup;
			children = (
				79C77B9825D50D0500E6C86C /* TheSwitcher_ObjcUITests.m */,
				79C77B9A25D50D0500E6C86C /* Info.plist */,
			);
			path = TheSwitcher_ObjcUITests;
			sourceTree = "<group>";
		};
		79C77BA925D50D2900E6C86C /* App */ = {
			isa = PBXGroup;
			children = (
				79C77B7125D50D0100E6C86C /* AppDelegate.h */,
				79C77B7225D50D0100E6C86C /* AppDelegate.m */,
				79C77B7425D50D0100E6C86C /* SceneDelegate.h */,
				79C77B7525D50D0100E6C86C /* SceneDelegate.m */,
			);
			path = App;
			sourceTree = "<group>";
		};
		79C77BAA25D50D2E00E6C86C /* ViewControllers */ = {
			isa = PBXGroup;
			children = (
				79C77BBE25D50D9A00E6C86C /* ListViewController.h */,
				79C77BBF25D50D9A00E6C86C /* ListViewController.m */,
				79C77BC425D50DA500E6C86C /* DetailViewController.h */,
				79C77BC525D50DA500E6C86C /* DetailViewController.m */,
			);
			path = ViewControllers;
			sourceTree = "<group>";
		};
		79C77BAB25D50D3D00E6C86C /* ListTableView */ = {
			isa = PBXGroup;
			children = (
				79C77BAF25D50D7400E6C86C /* DivisionsDataSource.h */,
				79C77BB025D50D7400E6C86C /* DivisionsDataSource.m */,
				79C77BB825D50D8800E6C86C /* DivisionsCell.h */,
				79C77BB925D50D8800E6C86C /* DivisionsCell.m */,
			);
			path = ListTableView;
			sourceTree = "<group>";
		};
/* End PBXGroup section */

/* Begin PBXNativeTarget section */
		79C77B6D25D50D0100E6C86C /* TheSwitcher_Objc */ = {
			isa = PBXNativeTarget;
			buildConfigurationList = 79C77B9D25D50D0500E6C86C /* Build configuration list for PBXNativeTarget "TheSwitcher_Objc" */;
			buildPhases = (
				79C77B6A25D50D0100E6C86C /* Sources */,
				79C77B6B25D50D0100E6C86C /* Frameworks */,
				79C77B6C25D50D0100E6C86C /* Resources */,
			);
			buildRules = (
			);
			dependencies = (
			);
			name = TheSwitcher_Objc;
			productName = TheSwitcher_Objc;
			productReference = 79C77B6E25D50D0100E6C86C /* TheSwitcher_Objc.app */;
			productType = "com.apple.product-type.application";
		};
		79C77B8825D50D0500E6C86C /* TheSwitcher_ObjcTests */ = {
			isa = PBXNativeTarget;
			buildConfigurationList = 79C77BA025D50D0500E6C86C /* Build configuration list for PBXNativeTarget "TheSwitcher_ObjcTests" */;
			buildPhases = (
				79C77B8525D50D0500E6C86C /* Sources */,
				79C77B8625D50D0500E6C86C /* Frameworks */,
				79C77B8725D50D0500E6C86C /* Resources */,
			);
			buildRules = (
			);
			dependencies = (
				79C77B8B25D50D0500E6C86C /* PBXTargetDependency */,
			);
			name = TheSwitcher_ObjcTests;
			productName = TheSwitcher_ObjcTests;
			productReference = 79C77B8925D50D0500E6C86C /* TheSwitcher_ObjcTests.xctest */;
			productType = "com.apple.product-type.bundle.unit-test";
		};
		79C77B9325D50D0500E6C86C /* TheSwitcher_ObjcUITests */ = {
			isa = PBXNativeTarget;
			buildConfigurationList = 79C77BA325D50D0500E6C86C /* Build configuration list for PBXNativeTarget "TheSwitcher_ObjcUITests" */;
			buildPhases = (
				79C77B9025D50D0500E6C86C /* Sources */,
				79C77B9125D50D0500E6C86C /* Frameworks */,
				79C77B9225D50D0500E6C86C /* Resources */,
			);
			buildRules = (
			);
			dependencies = (
				79C77B9625D50D0500E6C86C /* PBXTargetDependency */,
			);
			name = TheSwitcher_ObjcUITests;
			productName = TheSwitcher_ObjcUITests;
			productReference = 79C77B9425D50D0500E6C86C /* TheSwitcher_ObjcUITests.xctest */;
			productType = "com.apple.product-type.bundle.ui-testing";
		};
/* End PBXNativeTarget section */

/* Begin PBXProject section */
		79C77B6625D50D0100E6C86C /* Project object */ = {
			isa = PBXProject;
			attributes = {
				LastUpgradeCheck = 1230;
				TargetAttributes = {
					79C77B6D25D50D0100E6C86C = {
						CreatedOnToolsVersion = 12.3;
					};
					79C77B8825D50D0500E6C86C = {
						CreatedOnToolsVersion = 12.3;
						TestTargetID = 79C77B6D25D50D0100E6C86C;
					};
					79C77B9325D50D0500E6C86C = {
						CreatedOnToolsVersion = 12.3;
						TestTargetID = 79C77B6D25D50D0100E6C86C;
					};
				};
			};
			buildConfigurationList = 79C77B6925D50D0100E6C86C /* Build configuration list for PBXProject "TheSwitcher_Objc" */;
			compatibilityVersion = "Xcode 9.3";
			developmentRegion = en;
			hasScannedForEncodings = 0;
			knownRegions = (
				en,
				Base,
			);
			mainGroup = 79C77B6525D50D0100E6C86C;
			productRefGroup = 79C77B6F25D50D0100E6C86C /* Products */;
			projectDirPath = "";
			projectRoot = "";
			targets = (
				79C77B6D25D50D0100E6C86C /* TheSwitcher_Objc */,
				79C77B8825D50D0500E6C86C /* TheSwitcher_ObjcTests */,
				79C77B9325D50D0500E6C86C /* TheSwitcher_ObjcUITests */,
			);
		};
/* End PBXProject section */

/* Begin PBXResourcesBuildPhase section */
		79C77B6C25D50D0100E6C86C /* Resources */ = {
			isa = PBXResourcesBuildPhase;
			buildActionMask = 2147483647;
			files = (
				79C77B8125D50D0500E6C86C /* LaunchScreen.storyboard in Resources */,
				79C77B7E25D50D0500E6C86C /* Assets.xcassets in Resources */,
				79C77B7C25D50D0100E6C86C /* Main.storyboard in Resources */,
			);
			runOnlyForDeploymentPostprocessing = 0;
		};
		79C77B8725D50D0500E6C86C /* Resources */ = {
			isa = PBXResourcesBuildPhase;
			buildActionMask = 2147483647;
			files = (
			);
			runOnlyForDeploymentPostprocessing = 0;
		};
		79C77B9225D50D0500E6C86C /* Resources */ = {
			isa = PBXResourcesBuildPhase;
			buildActionMask = 2147483647;
			files = (
			);
			runOnlyForDeploymentPostprocessing = 0;
		};
/* End PBXResourcesBuildPhase section */

/* Begin PBXSourcesBuildPhase section */
		79C77B6A25D50D0100E6C86C /* Sources */ = {
			isa = PBXSourcesBuildPhase;
			buildActionMask = 2147483647;
			files = (
				79C77B7325D50D0100E6C86C /* AppDelegate.m in Sources */,
				79C77B8425D50D0500E6C86C /* main.m in Sources */,
				79C77BC025D50D9A00E6C86C /* ListViewController.m in Sources */,
				79C77B7625D50D0100E6C86C /* SceneDelegate.m in Sources */,
				79C77BB125D50D7400E6C86C /* DivisionsDataSource.m in Sources */,
				79C77BF625D82AFB00E6C86C /* Formatting.m in Sources */,
				79C77BBA25D50D8800E6C86C /* DivisionsCell.m in Sources */,
				79C77BC625D50DA500E6C86C /* DetailViewController.m in Sources */,
			);
			runOnlyForDeploymentPostprocessing = 0;
		};
		79C77B8525D50D0500E6C86C /* Sources */ = {
			isa = PBXSourcesBuildPhase;
			buildActionMask = 2147483647;
			files = (
				79C77BF025D827DA00E6C86C /* FormattingTests.m in Sources */,
			);
			runOnlyForDeploymentPostprocessing = 0;
		};
		79C77B9025D50D0500E6C86C /* Sources */ = {
			isa = PBXSourcesBuildPhase;
			buildActionMask = 2147483647;
			files = (
				79C77B9925D50D0500E6C86C /* TheSwitcher_ObjcUITests.m in Sources */,
			);
			runOnlyForDeploymentPostprocessing = 0;
		};
/* End PBXSourcesBuildPhase section */

/* Begin PBXTargetDependency section */
		79C77B8B25D50D0500E6C86C /* PBXTargetDependency */ = {
			isa = PBXTargetDependency;
			target = 79C77B6D25D50D0100E6C86C /* TheSwitcher_Objc */;
			targetProxy = 79C77B8A25D50D0500E6C86C /* PBXContainerItemProxy */;
		};
		79C77B9625D50D0500E6C86C /* PBXTargetDependency */ = {
			isa = PBXTargetDependency;
			target = 79C77B6D25D50D0100E6C86C /* TheSwitcher_Objc */;
			targetProxy = 79C77B9525D50D0500E6C86C /* PBXContainerItemProxy */;
		};
/* End PBXTargetDependency section */

/* Begin PBXVariantGroup section */
		79C77B7A25D50D0100E6C86C /* Main.storyboard */ = {
			isa = PBXVariantGroup;
			children = (
				79C77B7B25D50D0100E6C86C /* Base */,
			);
			name = Main.storyboard;
			sourceTree = "<group>";
		};
		79C77B7F25D50D0500E6C86C /* LaunchScreen.storyboard */ = {
			isa = PBXVariantGroup;
			children = (
				79C77B8025D50D0500E6C86C /* Base */,
			);
			name = LaunchScreen.storyboard;
			sourceTree = "<group>";
		};
/* End PBXVariantGroup section */

/* Begin XCBuildConfiguration section */
		79C77B9B25D50D0500E6C86C /* Debug */ = {
			isa = XCBuildConfiguration;
			buildSettings = {
				ALWAYS_SEARCH_USER_PATHS = NO;
				CLANG_ANALYZER_NONNULL = YES;
				CLANG_ANALYZER_NUMBER_OBJECT_CONVERSION = YES_AGGRESSIVE;
				CLANG_CXX_LANGUAGE_STANDARD = "gnu++14";
				CLANG_CXX_LIBRARY = "libc++";
				CLANG_ENABLE_MODULES = YES;
				CLANG_ENABLE_OBJC_ARC = YES;
				CLANG_ENABLE_OBJC_WEAK = YES;
				CLANG_WARN_BLOCK_CAPTURE_AUTORELEASING = YES;
				CLANG_WARN_BOOL_CONVERSION = YES;
				CLANG_WARN_COMMA = YES;
				CLANG_WARN_CONSTANT_CONVERSION = YES;
				CLANG_WARN_DEPRECATED_OBJC_IMPLEMENTATIONS = YES;
				CLANG_WARN_DIRECT_OBJC_ISA_USAGE = YES_ERROR;
				CLANG_WARN_DOCUMENTATION_COMMENTS = YES;
				CLANG_WARN_EMPTY_BODY = YES;
				CLANG_WARN_ENUM_CONVERSION = YES;
				CLANG_WARN_INFINITE_RECURSION = YES;
				CLANG_WARN_INT_CONVERSION = YES;
				CLANG_WARN_NON_LITERAL_NULL_CONVERSION = YES;
				CLANG_WARN_OBJC_IMPLICIT_RETAIN_SELF = YES;
				CLANG_WARN_OBJC_LITERAL_CONVERSION = YES;
				CLANG_WARN_OBJC_ROOT_CLASS = YES_ERROR;
				CLANG_WARN_QUOTED_INCLUDE_IN_FRAMEWORK_HEADER = YES;
				CLANG_WARN_RANGE_LOOP_ANALYSIS = YES;
				CLANG_WARN_STRICT_PROTOTYPES = YES;
				CLANG_WARN_SUSPICIOUS_MOVE = YES;
				CLANG_WARN_UNGUARDED_AVAILABILITY = YES_AGGRESSIVE;
				CLANG_WARN_UNREACHABLE_CODE = YES;
				CLANG_WARN__DUPLICATE_METHOD_MATCH = YES;
				COPY_PHASE_STRIP = NO;
				DEBUG_INFORMATION_FORMAT = dwarf;
				ENABLE_STRICT_OBJC_MSGSEND = YES;
				ENABLE_TESTABILITY = YES;
				GCC_C_LANGUAGE_STANDARD = gnu11;
				GCC_DYNAMIC_NO_PIC = NO;
				GCC_NO_COMMON_BLOCKS = YES;
				GCC_OPTIMIZATION_LEVEL = 0;
				GCC_PREPROCESSOR_DEFINITIONS = (
					"DEBUG=1",
					"$(inherited)",
				);
				GCC_WARN_64_TO_32_BIT_CONVERSION = YES;
				GCC_WARN_ABOUT_RETURN_TYPE = YES_ERROR;
				GCC_WARN_UNDECLARED_SELECTOR = YES;
				GCC_WARN_UNINITIALIZED_AUTOS = YES_AGGRESSIVE;
				GCC_WARN_UNUSED_FUNCTION = YES;
				GCC_WARN_UNUSED_VARIABLE = YES;
				IPHONEOS_DEPLOYMENT_TARGET = 14.3;
				MTL_ENABLE_DEBUG_INFO = INCLUDE_SOURCE;
				MTL_FAST_MATH = YES;
				ONLY_ACTIVE_ARCH = YES;
				SDKROOT = iphoneos;
			};
			name = Debug;
		};
		79C77B9C25D50D0500E6C86C /* Release */ = {
			isa = XCBuildConfiguration;
			buildSettings = {
				ALWAYS_SEARCH_USER_PATHS = NO;
				CLANG_ANALYZER_NONNULL = YES;
				CLANG_ANALYZER_NUMBER_OBJECT_CONVERSION = YES_AGGRESSIVE;
				CLANG_CXX_LANGUAGE_STANDARD = "gnu++14";
				CLANG_CXX_LIBRARY = "libc++";
				CLANG_ENABLE_MODULES = YES;
				CLANG_ENABLE_OBJC_ARC = YES;
				CLANG_ENABLE_OBJC_WEAK = YES;
				CLANG_WARN_BLOCK_CAPTURE_AUTORELEASING = YES;
				CLANG_WARN_BOOL_CONVERSION = YES;
				CLANG_WARN_COMMA = YES;
				CLANG_WARN_CONSTANT_CONVERSION = YES;
				CLANG_WARN_DEPRECATED_OBJC_IMPLEMENTATIONS = YES;
				CLANG_WARN_DIRECT_OBJC_ISA_USAGE = YES_ERROR;
				CLANG_WARN_DOCUMENTATION_COMMENTS = YES;
				CLANG_WARN_EMPTY_BODY = YES;
				CLANG_WARN_ENUM_CONVERSION = YES;
				CLANG_WARN_INFINITE_RECURSION = YES;
				CLANG_WARN_INT_CONVERSION = YES;
				CLANG_WARN_NON_LITERAL_NULL_CONVERSION = YES;
				CLANG_WARN_OBJC_IMPLICIT_RETAIN_SELF = YES;
				CLANG_WARN_OBJC_LITERAL_CONVERSION = YES;
				CLANG_WARN_OBJC_ROOT_CLASS = YES_ERROR;
				CLANG_WARN_QUOTED_INCLUDE_IN_FRAMEWORK_HEADER = YES;
				CLANG_WARN_RANGE_LOOP_ANALYSIS = YES;
				CLANG_WARN_STRICT_PROTOTYPES = YES;
				CLANG_WARN_SUSPICIOUS_MOVE = YES;
				CLANG_WARN_UNGUARDED_AVAILABILITY = YES_AGGRESSIVE;
				CLANG_WARN_UNREACHABLE_CODE = YES;
				CLANG_WARN__DUPLICATE_METHOD_MATCH = YES;
				COPY_PHASE_STRIP = NO;
				DEBUG_INFORMATION_FORMAT = "dwarf-with-dsym";
				ENABLE_NS_ASSERTIONS = NO;
				ENABLE_STRICT_OBJC_MSGSEND = YES;
				GCC_C_LANGUAGE_STANDARD = gnu11;
				GCC_NO_COMMON_BLOCKS = YES;
				GCC_WARN_64_TO_32_BIT_CONVERSION = YES;
				GCC_WARN_ABOUT_RETURN_TYPE = YES_ERROR;
				GCC_WARN_UNDECLARED_SELECTOR = YES;
				GCC_WARN_UNINITIALIZED_AUTOS = YES_AGGRESSIVE;
				GCC_WARN_UNUSED_FUNCTION = YES;
				GCC_WARN_UNUSED_VARIABLE = YES;
				IPHONEOS_DEPLOYMENT_TARGET = 14.3;
				MTL_ENABLE_DEBUG_INFO = NO;
				MTL_FAST_MATH = YES;
				SDKROOT = iphoneos;
				VALIDATE_PRODUCT = YES;
			};
			name = Release;
		};
		79C77B9E25D50D0500E6C86C /* Debug */ = {
			isa = XCBuildConfiguration;
			buildSettings = {
				ASSETCATALOG_COMPILER_APPICON_NAME = AppIcon;
				ASSETCATALOG_COMPILER_GLOBAL_ACCENT_COLOR_NAME = AccentColor;
				CODE_SIGN_STYLE = Automatic;
				DEVELOPMENT_TEAM = BY575KUK4V;
				INFOPLIST_FILE = TheSwitcher_Objc/Info.plist;
				LD_RUNPATH_SEARCH_PATHS = (
					"$(inherited)",
					"@executable_path/Frameworks",
				);
				PRODUCT_BUNDLE_IDENTIFIER = "fabio.TheSwitcher-Objc";
				PRODUCT_NAME = "$(TARGET_NAME)";
				TARGETED_DEVICE_FAMILY = "1,2";
			};
			name = Debug;
		};
		79C77B9F25D50D0500E6C86C /* Release */ = {
			isa = XCBuildConfiguration;
			buildSettings = {
				ASSETCATALOG_COMPILER_APPICON_NAME = AppIcon;
				ASSETCATALOG_COMPILER_GLOBAL_ACCENT_COLOR_NAME = AccentColor;
				CODE_SIGN_STYLE = Automatic;
				DEVELOPMENT_TEAM = BY575KUK4V;
				INFOPLIST_FILE = TheSwitcher_Objc/Info.plist;
				LD_RUNPATH_SEARCH_PATHS = (
					"$(inherited)",
					"@executable_path/Frameworks",
				);
				PRODUCT_BUNDLE_IDENTIFIER = "fabio.TheSwitcher-Objc";
				PRODUCT_NAME = "$(TARGET_NAME)";
				TARGETED_DEVICE_FAMILY = "1,2";
			};
			name = Release;
		};
		79C77BA125D50D0500E6C86C /* Debug */ = {
			isa = XCBuildConfiguration;
			buildSettings = {
				BUNDLE_LOADER = "$(TEST_HOST)";
				CODE_SIGN_STYLE = Automatic;
				DEVELOPMENT_TEAM = BY575KUK4V;
				INFOPLIST_FILE = TheSwitcher_ObjcTests/Info.plist;
				IPHONEOS_DEPLOYMENT_TARGET = 14.3;
				LD_RUNPATH_SEARCH_PATHS = (
					"$(inherited)",
					"@executable_path/Frameworks",
					"@loader_path/Frameworks",
				);
				PRODUCT_BUNDLE_IDENTIFIER = "fabio.TheSwitcher-ObjcTests";
				PRODUCT_NAME = "$(TARGET_NAME)";
				TARGETED_DEVICE_FAMILY = "1,2";
				TEST_HOST = "$(BUILT_PRODUCTS_DIR)/TheSwitcher_Objc.app/TheSwitcher_Objc";
			};
			name = Debug;
		};
		79C77BA225D50D0500E6C86C /* Release */ = {
			isa = XCBuildConfiguration;
			buildSettings = {
				BUNDLE_LOADER = "$(TEST_HOST)";
				CODE_SIGN_STYLE = Automatic;
				DEVELOPMENT_TEAM = BY575KUK4V;
				INFOPLIST_FILE = TheSwitcher_ObjcTests/Info.plist;
				IPHONEOS_DEPLOYMENT_TARGET = 14.3;
				LD_RUNPATH_SEARCH_PATHS = (
					"$(inherited)",
					"@executable_path/Frameworks",
					"@loader_path/Frameworks",
				);
				PRODUCT_BUNDLE_IDENTIFIER = "fabio.TheSwitcher-ObjcTests";
				PRODUCT_NAME = "$(TARGET_NAME)";
				TARGETED_DEVICE_FAMILY = "1,2";
				TEST_HOST = "$(BUILT_PRODUCTS_DIR)/TheSwitcher_Objc.app/TheSwitcher_Objc";
			};
			name = Release;
		};
		79C77BA425D50D0500E6C86C /* Debug */ = {
			isa = XCBuildConfiguration;
			buildSettings = {
				CODE_SIGN_STYLE = Automatic;
				DEVELOPMENT_TEAM = BY575KUK4V;
				INFOPLIST_FILE = TheSwitcher_ObjcUITests/Info.plist;
				LD_RUNPATH_SEARCH_PATHS = (
					"$(inherited)",
					"@executable_path/Frameworks",
					"@loader_path/Frameworks",
				);
				PRODUCT_BUNDLE_IDENTIFIER = "fabio.TheSwitcher-ObjcUITests";
				PRODUCT_NAME = "$(TARGET_NAME)";
				TARGETED_DEVICE_FAMILY = "1,2";
				TEST_TARGET_NAME = TheSwitcher_Objc;
			};
			name = Debug;
		};
		79C77BA525D50D0500E6C86C /* Release */ = {
			isa = XCBuildConfiguration;
			buildSettings = {
				CODE_SIGN_STYLE = Automatic;
				DEVELOPMENT_TEAM = BY575KUK4V;
				INFOPLIST_FILE = TheSwitcher_ObjcUITests/Info.plist;
				LD_RUNPATH_SEARCH_PATHS = (
					"$(inherited)",
					"@executable_path/Frameworks",
					"@loader_path/Frameworks",
				);
				PRODUCT_BUNDLE_IDENTIFIER = "fabio.TheSwitcher-ObjcUITests";
				PRODUCT_NAME = "$(TARGET_NAME)";
				TARGETED_DEVICE_FAMILY = "1,2";
				TEST_TARGET_NAME = TheSwitcher_Objc;
			};
			name = Release;
		};
/* End XCBuildConfiguration section */

/* Begin XCConfigurationList section */
		79C77B6925D50D0100E6C86C /* Build configuration list for PBXProject "TheSwitcher_Objc" */ = {
			isa = XCConfigurationList;
			buildConfigurations = (
				79C77B9B25D50D0500E6C86C /* Debug */,
				79C77B9C25D50D0500E6C86C /* Release */,
			);
			defaultConfigurationIsVisible = 0;
			defaultConfigurationName = Release;
		};
		79C77B9D25D50D0500E6C86C /* Build configuration list for PBXNativeTarget "TheSwitcher_Objc" */ = {
			isa = XCConfigurationList;
			buildConfigurations = (
				79C77B9E25D50D0500E6C86C /* Debug */,
				79C77B9F25D50D0500E6C86C /* Release */,
			);
			defaultConfigurationIsVisible = 0;
			defaultConfigurationName = Release;
		};
		79C77BA025D50D0500E6C86C /* Build configuration list for PBXNativeTarget "TheSwitcher_ObjcTests" */ = {
			isa = XCConfigurationList;
			buildConfigurations = (
				79C77BA125D50D0500E6C86C /* Debug */,
				79C77BA225D50D0500E6C86C /* Release */,
			);
			defaultConfigurationIsVisible = 0;
			defaultConfigurationName = Release;
		};
		79C77BA325D50D0500E6C86C /* Build configuration list for PBXNativeTarget "TheSwitcher_ObjcUITests" */ = {
			isa = XCConfigurationList;
			buildConfigurations = (
				79C77BA425D50D0500E6C86C /* Debug */,
				79C77BA525D50D0500E6C86C /* Release */,
			);
			defaultConfigurationIsVisible = 0;
			defaultConfigurationName = Release;
		};
/* End XCConfigurationList section */
	};
	rootObject = 79C77B6625D50D0100E6C86C /* Project object */;
}
