// !$*UTF8*$!
{
	archiveVersion = 1;
	classes = {
	};
	objectVersion = 50;
	objects = {

/* Begin PBXBuildFile section */
		79C77BD625D5941700E6C86C /* Designables.swift in Sources */ = {isa = PBXBuildFile; fileRef = 79C77BD525D5941700E6C86C /* Designables.swift */; };
		79C77BDE25D66A3600E6C86C /* FormattingTests.swift in Sources */ = {isa = PBXBuildFile; fileRef = 79C77BDD25D66A3500E6C86C /* FormattingTests.swift */; };
		79D806BC25D439AE005BD83F /* AppDelegate.swift in Sources */ = {isa = PBXBuildFile; fileRef = 79D806BB25D439AE005BD83F /* AppDelegate.swift */; };
		79D806BE25D439AE005BD83F /* SceneDelegate.swift in Sources */ = {isa = PBXBuildFile; fileRef = 79D806BD25D439AE005BD83F /* SceneDelegate.swift */; };
		79D806C025D439AE005BD83F /* ListViewController.swift in Sources */ = {isa = PBXBuildFile; fileRef = 79D806BF25D439AE005BD83F /* ListViewController.swift */; };
		79D806C325D439AE005BD83F /* Main.storyboard in Resources */ = {isa = PBXBuildFile; fileRef = 79D806C125D439AE005BD83F /* Main.storyboard */; };
		79D806C525D439B0005BD83F /* Assets.xcassets in Resources */ = {isa = PBXBuildFile; fileRef = 79D806C425D439B0005BD83F /* Assets.xcassets */; };
		79D806C825D439B0005BD83F /* LaunchScreen.storyboard in Resources */ = {isa = PBXBuildFile; fileRef = 79D806C625D439B0005BD83F /* LaunchScreen.storyboard */; };
		79D806DE25D439B1005BD83F /* TheSwitcher_FabioMsUITests.swift in Sources */ = {isa = PBXBuildFile; fileRef = 79D806DD25D439B1005BD83F /* TheSwitcher_FabioMsUITests.swift */; };
		79D806F225D44477005BD83F /* DivisionsCell.swift in Sources */ = {isa = PBXBuildFile; fileRef = 79D806F125D44477005BD83F /* DivisionsCell.swift */; };
		79D806FA25D4456C005BD83F /* DetailViewController.swift in Sources */ = {isa = PBXBuildFile; fileRef = 79D806F925D4456C005BD83F /* DetailViewController.swift */; };
		79D806FF25D445F0005BD83F /* DivisionsDataSource.swift in Sources */ = {isa = PBXBuildFile; fileRef = 79D806FE25D445F0005BD83F /* DivisionsDataSource.swift */; };
		79D8070725D44CDE005BD83F /* Formatting.swift in Sources */ = {isa = PBXBuildFile; fileRef = 79D8070625D44CDE005BD83F /* Formatting.swift */; };
/* End PBXBuildFile section */

/* Begin PBXContainerItemProxy section */
		79D806CF25D439B1005BD83F /* PBXContainerItemProxy */ = {
			isa = PBXContainerItemProxy;
			containerPortal = 79D806B025D439AE005BD83F /* Project object */;
			proxyType = 1;
			remoteGlobalIDString = 79D806B725D439AE005BD83F;
			remoteInfo = TheSwitcher_FabioMs;
		};
		79D806DA25D439B1005BD83F /* PBXContainerItemProxy */ = {
			isa = PBXContainerItemProxy;
			containerPortal = 79D806B025D439AE005BD83F /* Project object */;
			proxyType = 1;
			remoteGlobalIDString = 79D806B725D439AE005BD83F;
			remoteInfo = TheSwitcher_FabioMs;
		};
/* End PBXContainerItemProxy section */

/* Begin PBXFileReference section */
		79C77BD525D5941700E6C86C /* Designables.swift */ = {isa = PBXFileReference; lastKnownFileType = sourcecode.swift; path = Designables.swift; sourceTree = "<group>"; };
		79C77BDD25D66A3500E6C86C /* FormattingTests.swift */ = {isa = PBXFileReference; lastKnownFileType = sourcecode.swift; path = FormattingTests.swift; sourceTree = "<group>"; };
		79D806B825D439AE005BD83F /* TheSwitcher_FabioMs.app */ = {isa = PBXFileReference; explicitFileType = wrapper.application; includeInIndex = 0; path = TheSwitcher_FabioMs.app; sourceTree = BUILT_PRODUCTS_DIR; };
		79D806BB25D439AE005BD83F /* AppDelegate.swift */ = {isa = PBXFileReference; lastKnownFileType = sourcecode.swift; path = AppDelegate.swift; sourceTree = "<group>"; };
		79D806BD25D439AE005BD83F /* SceneDelegate.swift */ = {isa = PBXFileReference; lastKnownFileType = sourcecode.swift; path = SceneDelegate.swift; sourceTree = "<group>"; };
		79D806BF25D439AE005BD83F /* ListViewController.swift */ = {isa = PBXFileReference; lastKnownFileType = sourcecode.swift; path = ListViewController.swift; sourceTree = "<group>"; };
		79D806C225D439AE005BD83F /* Base */ = {isa = PBXFileReference; lastKnownFileType = file.storyboard; name = Base; path = Base.lproj/Main.storyboard; sourceTree = "<group>"; };
		79D806C425D439B0005BD83F /* Assets.xcassets */ = {isa = PBXFileReference; lastKnownFileType = folder.assetcatalog; path = Assets.xcassets; sourceTree = "<group>"; };
		79D806C725D439B0005BD83F /* Base */ = {isa = PBXFileReference; lastKnownFileType = file.storyboard; name = Base; path = Base.lproj/LaunchScreen.storyboard; sourceTree = "<group>"; };
		79D806C925D439B0005BD83F /* Info.plist */ = {isa = PBXFileReference; lastKnownFileType = text.plist.xml; path = Info.plist; sourceTree = "<group>"; };
		79D806CE25D439B1005BD83F /* TheSwitcher_FabioMsTests.xctest */ = {isa = PBXFileReference; explicitFileType = wrapper.cfbundle; includeInIndex = 0; path = TheSwitcher_FabioMsTests.xctest; sourceTree = BUILT_PRODUCTS_DIR; };
		79D806D425D439B1005BD83F /* Info.plist */ = {isa = PBXFileReference; lastKnownFileType = text.plist.xml; path = Info.plist; sourceTree = "<group>"; };
		79D806D925D439B1005BD83F /* TheSwitcher_FabioMsUITests.xctest */ = {isa = PBXFileReference; explicitFileType = wrapper.cfbundle; includeInIndex = 0; path = TheSwitcher_FabioMsUITests.xctest; sourceTree = BUILT_PRODUCTS_DIR; };
		79D806DD25D439B1005BD83F /* TheSwitcher_FabioMsUITests.swift */ = {isa = PBXFileReference; lastKnownFileType = sourcecode.swift; path = TheSwitcher_FabioMsUITests.swift; sourceTree = "<group>"; };
		79D806DF25D439B1005BD83F /* Info.plist */ = {isa = PBXFileReference; lastKnownFileType = text.plist.xml; path = Info.plist; sourceTree = "<group>"; };
		79D806F125D44477005BD83F /* DivisionsCell.swift */ = {isa = PBXFileReference; lastKnownFileType = sourcecode.swift; path = DivisionsCell.swift; sourceTree = "<group>"; };
		79D806F925D4456C005BD83F /* DetailViewController.swift */ = {isa = PBXFileReference; lastKnownFileType = sourcecode.swift; path = DetailViewController.swift; sourceTree = "<group>"; };
		79D806FE25D445F0005BD83F /* DivisionsDataSource.swift */ = {isa = PBXFileReference; lastKnownFileType = sourcecode.swift; path = DivisionsDataSource.swift; sourceTree = "<group>"; };
		79D8070625D44CDE005BD83F /* Formatting.swift */ = {isa = PBXFileReference; lastKnownFileType = sourcecode.swift; path = Formatting.swift; sourceTree = "<group>"; };
/* End PBXFileReference section */

/* Begin PBXFrameworksBuildPhase section */
		79D806B525D439AE005BD83F /* Frameworks */ = {
			isa = PBXFrameworksBuildPhase;
			buildActionMask = 2147483647;
			files = (
			);
			runOnlyForDeploymentPostprocessing = 0;
		};
		79D806CB25D439B1005BD83F /* Frameworks */ = {
			isa = PBXFrameworksBuildPhase;
			buildActionMask = 2147483647;
			files = (
			);
			runOnlyForDeploymentPostprocessing = 0;
		};
		79D806D625D439B1005BD83F /* Frameworks */ = {
			isa = PBXFrameworksBuildPhase;
			buildActionMask = 2147483647;
			files = (
			);
			runOnlyForDeploymentPostprocessing = 0;
		};
/* End PBXFrameworksBuildPhase section */

/* Begin PBXGroup section */
		79D806AF25D439AE005BD83F = {
			isa = PBXGroup;
			children = (
				79D806BA25D439AE005BD83F /* TheSwitcher_FabioMs */,
				79D806D125D439B1005BD83F /* TheSwitcher_FabioMsTests */,
				79D806DC25D439B1005BD83F /* TheSwitcher_FabioMsUITests */,
				79D806B925D439AE005BD83F /* Products */,
			);
			sourceTree = "<group>";
		};
		79D806B925D439AE005BD83F /* Products */ = {
			isa = PBXGroup;
			children = (
				79D806B825D439AE005BD83F /* TheSwitcher_FabioMs.app */,
				79D806CE25D439B1005BD83F /* TheSwitcher_FabioMsTests.xctest */,
				79D806D925D439B1005BD83F /* TheSwitcher_FabioMsUITests.xctest */,
			);
			name = Products;
			sourceTree = "<group>";
		};
		79D806BA25D439AE005BD83F /* TheSwitcher_FabioMs */ = {
			isa = PBXGroup;
			children = (
				79D806BB25D439AE005BD83F /* AppDelegate.swift */,
				79D806BD25D439AE005BD83F /* SceneDelegate.swift */,
				79D806BF25D439AE005BD83F /* ListViewController.swift */,
				79D806F925D4456C005BD83F /* DetailViewController.swift */,
				79D806C125D439AE005BD83F /* Main.storyboard */,
				79D806C425D439B0005BD83F /* Assets.xcassets */,
				79D806C625D439B0005BD83F /* LaunchScreen.storyboard */,
				79D806C925D439B0005BD83F /* Info.plist */,
				79D806F125D44477005BD83F /* DivisionsCell.swift */,
				79D806FE25D445F0005BD83F /* DivisionsDataSource.swift */,
				79D8070625D44CDE005BD83F /* Formatting.swift */,
				79C77BD525D5941700E6C86C /* Designables.swift */,
			);
			path = TheSwitcher_FabioMs;
			sourceTree = "<group>";
		};
		79D806D125D439B1005BD83F /* TheSwitcher_FabioMsTests */ = {
			isa = PBXGroup;
			children = (
				79D806D425D439B1005BD83F /* Info.plist */,
				79C77BDD25D66A3500E6C86C /* FormattingTests.swift */,
			);
			path = TheSwitcher_FabioMsTests;
			sourceTree = "<group>";
		};
		79D806DC25D439B1005BD83F /* TheSwitcher_FabioMsUITests */ = {
			isa = PBXGroup;
			children = (
				79D806DD25D439B1005BD83F /* TheSwitcher_FabioMsUITests.swift */,
				79D806DF25D439B1005BD83F /* Info.plist */,
			);
			path = TheSwitcher_FabioMsUITests;
			sourceTree = "<group>";
		};
/* End PBXGroup section */

/* Begin PBXNativeTarget section */
		79D806B725D439AE005BD83F /* TheSwitcher_FabioMs */ = {
			isa = PBXNativeTarget;
			buildConfigurationList = 79D806E225D439B1005BD83F /* Build configuration list for PBXNativeTarget "TheSwitcher_FabioMs" */;
			buildPhases = (
				79D806B425D439AE005BD83F /* Sources */,
				79D806B525D439AE005BD83F /* Frameworks */,
				79D806B625D439AE005BD83F /* Resources */,
			);
			buildRules = (
			);
			dependencies = (
			);
			name = TheSwitcher_FabioMs;
			productName = TheSwitcher_FabioMs;
			productReference = 79D806B825D439AE005BD83F /* TheSwitcher_FabioMs.app */;
			productType = "com.apple.product-type.application";
		};
		79D806CD25D439B1005BD83F /* TheSwitcher_FabioMsTests */ = {
			isa = PBXNativeTarget;
			buildConfigurationList = 79D806E525D439B1005BD83F /* Build configuration list for PBXNativeTarget "TheSwitcher_FabioMsTests" */;
			buildPhases = (
				79D806CA25D439B1005BD83F /* Sources */,
				79D806CB25D439B1005BD83F /* Frameworks */,
				79D806CC25D439B1005BD83F /* Resources */,
			);
			buildRules = (
			);
			dependencies = (
				79D806D025D439B1005BD83F /* PBXTargetDependency */,
			);
			name = TheSwitcher_FabioMsTests;
			productName = TheSwitcher_FabioMsTests;
			productReference = 79D806CE25D439B1005BD83F /* TheSwitcher_FabioMsTests.xctest */;
			productType = "com.apple.product-type.bundle.unit-test";
		};
		79D806D825D439B1005BD83F /* TheSwitcher_FabioMsUITests */ = {
			isa = PBXNativeTarget;
			buildConfigurationList = 79D806E825D439B1005BD83F /* Build configuration list for PBXNativeTarget "TheSwitcher_FabioMsUITests" */;
			buildPhases = (
				79D806D525D439B1005BD83F /* Sources */,
				79D806D625D439B1005BD83F /* Frameworks */,
				79D806D725D439B1005BD83F /* Resources */,
			);
			buildRules = (
			);
			dependencies = (
				79D806DB25D439B1005BD83F /* PBXTargetDependency */,
			);
			name = TheSwitcher_FabioMsUITests;
			productName = TheSwitcher_FabioMsUITests;
			productReference = 79D806D925D439B1005BD83F /* TheSwitcher_FabioMsUITests.xctest */;
			productType = "com.apple.product-type.bundle.ui-testing";
		};
/* End PBXNativeTarget section */

/* Begin PBXProject section */
		79D806B025D439AE005BD83F /* Project object */ = {
			isa = PBXProject;
			attributes = {
				LastSwiftUpdateCheck = 1230;
				LastUpgradeCheck = 1230;
				TargetAttributes = {
					79D806B725D439AE005BD83F = {
						CreatedOnToolsVersion = 12.3;
					};
					79D806CD25D439B1005BD83F = {
						CreatedOnToolsVersion = 12.3;
						LastSwiftMigration = 1230;
						TestTargetID = 79D806B725D439AE005BD83F;
					};
					79D806D825D439B1005BD83F = {
						CreatedOnToolsVersion = 12.3;
						TestTargetID = 79D806B725D439AE005BD83F;
					};
				};
			};
			buildConfigurationList = 79D806B325D439AE005BD83F /* Build configuration list for PBXProject "TheSwitcher_FabioMs" */;
			compatibilityVersion = "Xcode 9.3";
			developmentRegion = en;
			hasScannedForEncodings = 0;
			knownRegions = (
				en,
				Base,
			);
			mainGroup = 79D806AF25D439AE005BD83F;
			productRefGroup = 79D806B925D439AE005BD83F /* Products */;
			projectDirPath = "";
			projectRoot = "";
			targets = (
				79D806B725D439AE005BD83F /* TheSwitcher_FabioMs */,
				79D806CD25D439B1005BD83F /* TheSwitcher_FabioMsTests */,
				79D806D825D439B1005BD83F /* TheSwitcher_FabioMsUITests */,
			);
		};
/* End PBXProject section */

/* Begin PBXResourcesBuildPhase section */
		79D806B625D439AE005BD83F /* Resources */ = {
			isa = PBXResourcesBuildPhase;
			buildActionMask = 2147483647;
			files = (
				79D806C825D439B0005BD83F /* LaunchScreen.storyboard in Resources */,
				79D806C525D439B0005BD83F /* Assets.xcassets in Resources */,
				79D806C325D439AE005BD83F /* Main.storyboard in Resources */,
			);
			runOnlyForDeploymentPostprocessing = 0;
		};
		79D806CC25D439B1005BD83F /* Resources */ = {
			isa = PBXResourcesBuildPhase;
			buildActionMask = 2147483647;
			files = (
			);
			runOnlyForDeploymentPostprocessing = 0;
		};
		79D806D725D439B1005BD83F /* Resources */ = {
			isa = PBXResourcesBuildPhase;
			buildActionMask = 2147483647;
			files = (
			);
			runOnlyForDeploymentPostprocessing = 0;
		};
/* End PBXResourcesBuildPhase section */

/* Begin PBXSourcesBuildPhase section */
		79D806B425D439AE005BD83F /* Sources */ = {
			isa = PBXSourcesBuildPhase;
			buildActionMask = 2147483647;
			files = (
				79D806C025D439AE005BD83F /* ListViewController.swift in Sources */,
				79D806FF25D445F0005BD83F /* DivisionsDataSource.swift in Sources */,
				79D806BC25D439AE005BD83F /* AppDelegate.swift in Sources */,
				79D806FA25D4456C005BD83F /* DetailViewController.swift in Sources */,
				79D806F225D44477005BD83F /* DivisionsCell.swift in Sources */,
				79C77BD625D5941700E6C86C /* Designables.swift in Sources */,
				79D8070725D44CDE005BD83F /* Formatting.swift in Sources */,
				79D806BE25D439AE005BD83F /* SceneDelegate.swift in Sources */,
			);
			runOnlyForDeploymentPostprocessing = 0;
		};
		79D806CA25D439B1005BD83F /* Sources */ = {
			isa = PBXSourcesBuildPhase;
			buildActionMask = 2147483647;
			files = (
				79C77BDE25D66A3600E6C86C /* FormattingTests.swift in Sources */,
			);
			runOnlyForDeploymentPostprocessing = 0;
		};
		79D806D525D439B1005BD83F /* Sources */ = {
			isa = PBXSourcesBuildPhase;
			buildActionMask = 2147483647;
			files = (
				79D806DE25D439B1005BD83F /* TheSwitcher_FabioMsUITests.swift in Sources */,
			);
			runOnlyForDeploymentPostprocessing = 0;
		};
/* End PBXSourcesBuildPhase section */

/* Begin PBXTargetDependency section */
		79D806D025D439B1005BD83F /* PBXTargetDependency */ = {
			isa = PBXTargetDependency;
			target = 79D806B725D439AE005BD83F /* TheSwitcher_FabioMs */;
			targetProxy = 79D806CF25D439B1005BD83F /* PBXContainerItemProxy */;
		};
		79D806DB25D439B1005BD83F /* PBXTargetDependency */ = {
			isa = PBXTargetDependency;
			target = 79D806B725D439AE005BD83F /* TheSwitcher_FabioMs */;
			targetProxy = 79D806DA25D439B1005BD83F /* PBXContainerItemProxy */;
		};
/* End PBXTargetDependency section */

/* Begin PBXVariantGroup section */
		79D806C125D439AE005BD83F /* Main.storyboard */ = {
			isa = PBXVariantGroup;
			children = (
				79D806C225D439AE005BD83F /* Base */,
			);
			name = Main.storyboard;
			sourceTree = "<group>";
		};
		79D806C625D439B0005BD83F /* LaunchScreen.storyboard */ = {
			isa = PBXVariantGroup;
			children = (
				79D806C725D439B0005BD83F /* Base */,
			);
			name = LaunchScreen.storyboard;
			sourceTree = "<group>";
		};
/* End PBXVariantGroup section */

/* Begin XCBuildConfiguration section */
		79D806E025D439B1005BD83F /* Debug */ = {
			isa = XCBuildConfiguration;
			buildSettings = {
				ALWAYS_SEARCH_USER_PATHS = NO;
				CLANG_ANALYZER_NONNULL = YES;
				CLANG_ANALYZER_NUMBER_OBJECT_CONVERSION = YES_AGGRESSIVE;
				CLANG_CXX_LANGUAGE_STANDARD = "gnu++14";
				CLANG_CXX_LIBRARY = "libc++";
				CLANG_ENABLE_MODULES = YES;
				CLANG_ENABLE_OBJC_ARC = YES;
				CLANG_ENABLE_OBJC_WEAK = YES;
				CLANG_WARN_BLOCK_CAPTURE_AUTORELEASING = YES;
				CLANG_WARN_BOOL_CONVERSION = YES;
				CLANG_WARN_COMMA = YES;
				CLANG_WARN_CONSTANT_CONVERSION = YES;
				CLANG_WARN_DEPRECATED_OBJC_IMPLEMENTATIONS = YES;
				CLANG_WARN_DIRECT_OBJC_ISA_USAGE = YES_ERROR;
				CLANG_WARN_DOCUMENTATION_COMMENTS = YES;
				CLANG_WARN_EMPTY_BODY = YES;
				CLANG_WARN_ENUM_CONVERSION = YES;
				CLANG_WARN_INFINITE_RECURSION = YES;
				CLANG_WARN_INT_CONVERSION = YES;
				CLANG_WARN_NON_LITERAL_NULL_CONVERSION = YES;
				CLANG_WARN_OBJC_IMPLICIT_RETAIN_SELF = YES;
				CLANG_WARN_OBJC_LITERAL_CONVERSION = YES;
				CLANG_WARN_OBJC_ROOT_CLASS = YES_ERROR;
				CLANG_WARN_QUOTED_INCLUDE_IN_FRAMEWORK_HEADER = YES;
				CLANG_WARN_RANGE_LOOP_ANALYSIS = YES;
				CLANG_WARN_STRICT_PROTOTYPES = YES;
				CLANG_WARN_SUSPICIOUS_MOVE = YES;
				CLANG_WARN_UNGUARDED_AVAILABILITY = YES_AGGRESSIVE;
				CLANG_WARN_UNREACHABLE_CODE = YES;
				CLANG_WARN__DUPLICATE_METHOD_MATCH = YES;
				COPY_PHASE_STRIP = NO;
				DEBUG_INFORMATION_FORMAT = dwarf;
				ENABLE_STRICT_OBJC_MSGSEND = YES;
				ENABLE_TESTABILITY = YES;
				GCC_C_LANGUAGE_STANDARD = gnu11;
				GCC_DYNAMIC_NO_PIC = NO;
				GCC_NO_COMMON_BLOCKS = YES;
				GCC_OPTIMIZATION_LEVEL = 0;
				GCC_PREPROCESSOR_DEFINITIONS = (
					"DEBUG=1",
					"$(inherited)",
				);
				GCC_WARN_64_TO_32_BIT_CONVERSION = YES;
				GCC_WARN_ABOUT_RETURN_TYPE = YES_ERROR;
				GCC_WARN_UNDECLARED_SELECTOR = YES;
				GCC_WARN_UNINITIALIZED_AUTOS = YES_AGGRESSIVE;
				GCC_WARN_UNUSED_FUNCTION = YES;
				GCC_WARN_UNUSED_VARIABLE = YES;
				IPHONEOS_DEPLOYMENT_TARGET = 14.3;
				MTL_ENABLE_DEBUG_INFO = INCLUDE_SOURCE;
				MTL_FAST_MATH = YES;
				ONLY_ACTIVE_ARCH = YES;
				SDKROOT = iphoneos;
				SWIFT_ACTIVE_COMPILATION_CONDITIONS = DEBUG;
				SWIFT_OPTIMIZATION_LEVEL = "-Onone";
			};
			name = Debug;
		};
		79D806E125D439B1005BD83F /* Release */ = {
			isa = XCBuildConfiguration;
			buildSettings = {
				ALWAYS_SEARCH_USER_PATHS = NO;
				CLANG_ANALYZER_NONNULL = YES;
				CLANG_ANALYZER_NUMBER_OBJECT_CONVERSION = YES_AGGRESSIVE;
				CLANG_CXX_LANGUAGE_STANDARD = "gnu++14";
				CLANG_CXX_LIBRARY = "libc++";
				CLANG_ENABLE_MODULES = YES;
				CLANG_ENABLE_OBJC_ARC = YES;
				CLANG_ENABLE_OBJC_WEAK = YES;
				CLANG_WARN_BLOCK_CAPTURE_AUTORELEASING = YES;
				CLANG_WARN_BOOL_CONVERSION = YES;
				CLANG_WARN_COMMA = YES;
				CLANG_WARN_CONSTANT_CONVERSION = YES;
				CLANG_WARN_DEPRECATED_OBJC_IMPLEMENTATIONS = YES;
				CLANG_WARN_DIRECT_OBJC_ISA_USAGE = YES_ERROR;
				CLANG_WARN_DOCUMENTATION_COMMENTS = YES;
				CLANG_WARN_EMPTY_BODY = YES;
				CLANG_WARN_ENUM_CONVERSION = YES;
				CLANG_WARN_INFINITE_RECURSION = YES;
				CLANG_WARN_INT_CONVERSION = YES;
				CLANG_WARN_NON_LITERAL_NULL_CONVERSION = YES;
				CLANG_WARN_OBJC_IMPLICIT_RETAIN_SELF = YES;
				CLANG_WARN_OBJC_LITERAL_CONVERSION = YES;
				CLANG_WARN_OBJC_ROOT_CLASS = YES_ERROR;
				CLANG_WARN_QUOTED_INCLUDE_IN_FRAMEWORK_HEADER = YES;
				CLANG_WARN_RANGE_LOOP_ANALYSIS = YES;
				CLANG_WARN_STRICT_PROTOTYPES = YES;
				CLANG_WARN_SUSPICIOUS_MOVE = YES;
				CLANG_WARN_UNGUARDED_AVAILABILITY = YES_AGGRESSIVE;
				CLANG_WARN_UNREACHABLE_CODE = YES;
				CLANG_WARN__DUPLICATE_METHOD_MATCH = YES;
				COPY_PHASE_STRIP = NO;
				DEBUG_INFORMATION_FORMAT = "dwarf-with-dsym";
				ENABLE_NS_ASSERTIONS = NO;
				ENABLE_STRICT_OBJC_MSGSEND = YES;
				GCC_C_LANGUAGE_STANDARD = gnu11;
				GCC_NO_COMMON_BLOCKS = YES;
				GCC_WARN_64_TO_32_BIT_CONVERSION = YES;
				GCC_WARN_ABOUT_RETURN_TYPE = YES_ERROR;
				GCC_WARN_UNDECLARED_SELECTOR = YES;
				GCC_WARN_UNINITIALIZED_AUTOS = YES_AGGRESSIVE;
				GCC_WARN_UNUSED_FUNCTION = YES;
				GCC_WARN_UNUSED_VARIABLE = YES;
				IPHONEOS_DEPLOYMENT_TARGET = 14.3;
				MTL_ENABLE_DEBUG_INFO = NO;
				MTL_FAST_MATH = YES;
				SDKROOT = iphoneos;
				SWIFT_COMPILATION_MODE = wholemodule;
				SWIFT_OPTIMIZATION_LEVEL = "-O";
				VALIDATE_PRODUCT = YES;
			};
			name = Release;
		};
		79D806E325D439B1005BD83F /* Debug */ = {
			isa = XCBuildConfiguration;
			buildSettings = {
				ASSETCATALOG_COMPILER_APPICON_NAME = AppIcon;
				ASSETCATALOG_COMPILER_GLOBAL_ACCENT_COLOR_NAME = AccentColor;
				CODE_SIGN_STYLE = Automatic;
				DEVELOPMENT_TEAM = BY575KUK4V;
				INFOPLIST_FILE = TheSwitcher_FabioMs/Info.plist;
				LD_RUNPATH_SEARCH_PATHS = (
					"$(inherited)",
					"@executable_path/Frameworks",
				);
				PRODUCT_BUNDLE_IDENTIFIER = "fabio.TheSwitcher-FabioMs";
				PRODUCT_NAME = "$(TARGET_NAME)";
				SWIFT_VERSION = 5.0;
				TARGETED_DEVICE_FAMILY = "1,2";
			};
			name = Debug;
		};
		79D806E425D439B1005BD83F /* Release */ = {
			isa = XCBuildConfiguration;
			buildSettings = {
				ASSETCATALOG_COMPILER_APPICON_NAME = AppIcon;
				ASSETCATALOG_COMPILER_GLOBAL_ACCENT_COLOR_NAME = AccentColor;
				CODE_SIGN_STYLE = Automatic;
				DEVELOPMENT_TEAM = BY575KUK4V;
				INFOPLIST_FILE = TheSwitcher_FabioMs/Info.plist;
				LD_RUNPATH_SEARCH_PATHS = (
					"$(inherited)",
					"@executable_path/Frameworks",
				);
				PRODUCT_BUNDLE_IDENTIFIER = "fabio.TheSwitcher-FabioMs";
				PRODUCT_NAME = "$(TARGET_NAME)";
				SWIFT_VERSION = 5.0;
				TARGETED_DEVICE_FAMILY = "1,2";
			};
			name = Release;
		};
		79D806E625D439B1005BD83F /* Debug */ = {
			isa = XCBuildConfiguration;
			buildSettings = {
				ALWAYS_EMBED_SWIFT_STANDARD_LIBRARIES = YES;
				BUNDLE_LOADER = "$(TEST_HOST)";
				CLANG_ENABLE_MODULES = YES;
				CODE_SIGN_STYLE = Automatic;
				DEVELOPMENT_TEAM = BY575KUK4V;
				INFOPLIST_FILE = TheSwitcher_FabioMsTests/Info.plist;
				IPHONEOS_DEPLOYMENT_TARGET = 14.3;
				LD_RUNPATH_SEARCH_PATHS = (
					"$(inherited)",
					"@executable_path/Frameworks",
					"@loader_path/Frameworks",
				);
				PRODUCT_BUNDLE_IDENTIFIER = "fabio.TheSwitcher-FabioMsTests";
				PRODUCT_NAME = "$(TARGET_NAME)";
				SWIFT_OPTIMIZATION_LEVEL = "-Onone";
				SWIFT_VERSION = 5.0;
				TARGETED_DEVICE_FAMILY = "1,2";
				TEST_HOST = "$(BUILT_PRODUCTS_DIR)/TheSwitcher_FabioMs.app/TheSwitcher_FabioMs";
			};
			name = Debug;
		};
		79D806E725D439B1005BD83F /* Release */ = {
			isa = XCBuildConfiguration;
			buildSettings = {
				ALWAYS_EMBED_SWIFT_STANDARD_LIBRARIES = YES;
				BUNDLE_LOADER = "$(TEST_HOST)";
				CLANG_ENABLE_MODULES = YES;
				CODE_SIGN_STYLE = Automatic;
				DEVELOPMENT_TEAM = BY575KUK4V;
				INFOPLIST_FILE = TheSwitcher_FabioMsTests/Info.plist;
				IPHONEOS_DEPLOYMENT_TARGET = 14.3;
				LD_RUNPATH_SEARCH_PATHS = (
					"$(inherited)",
					"@executable_path/Frameworks",
					"@loader_path/Frameworks",
				);
				PRODUCT_BUNDLE_IDENTIFIER = "fabio.TheSwitcher-FabioMsTests";
				PRODUCT_NAME = "$(TARGET_NAME)";
				SWIFT_VERSION = 5.0;
				TARGETED_DEVICE_FAMILY = "1,2";
				TEST_HOST = "$(BUILT_PRODUCTS_DIR)/TheSwitcher_FabioMs.app/TheSwitcher_FabioMs";
			};
			name = Release;
		};
		79D806E925D439B1005BD83F /* Debug */ = {
			isa = XCBuildConfiguration;
			buildSettings = {
				ALWAYS_EMBED_SWIFT_STANDARD_LIBRARIES = YES;
				CODE_SIGN_STYLE = Automatic;
				DEVELOPMENT_TEAM = BY575KUK4V;
				INFOPLIST_FILE = TheSwitcher_FabioMsUITests/Info.plist;
				LD_RUNPATH_SEARCH_PATHS = (
					"$(inherited)",
					"@executable_path/Frameworks",
					"@loader_path/Frameworks",
				);
				PRODUCT_BUNDLE_IDENTIFIER = "fabio.TheSwitcher-FabioMsUITests";
				PRODUCT_NAME = "$(TARGET_NAME)";
				SWIFT_VERSION = 5.0;
				TARGETED_DEVICE_FAMILY = "1,2";
				TEST_TARGET_NAME = TheSwitcher_FabioMs;
			};
			name = Debug;
		};
		79D806EA25D439B1005BD83F /* Release */ = {
			isa = XCBuildConfiguration;
			buildSettings = {
				ALWAYS_EMBED_SWIFT_STANDARD_LIBRARIES = YES;
				CODE_SIGN_STYLE = Automatic;
				DEVELOPMENT_TEAM = BY575KUK4V;
				INFOPLIST_FILE = TheSwitcher_FabioMsUITests/Info.plist;
				LD_RUNPATH_SEARCH_PATHS = (
					"$(inherited)",
					"@executable_path/Frameworks",
					"@loader_path/Frameworks",
				);
				PRODUCT_BUNDLE_IDENTIFIER = "fabio.TheSwitcher-FabioMsUITests";
				PRODUCT_NAME = "$(TARGET_NAME)";
				SWIFT_VERSION = 5.0;
				TARGETED_DEVICE_FAMILY = "1,2";
				TEST_TARGET_NAME = TheSwitcher_FabioMs;
			};
			name = Release;
		};
/* End XCBuildConfiguration section */

/* Begin XCConfigurationList section */
		79D806B325D439AE005BD83F /* Build configuration list for PBXProject "TheSwitcher_FabioMs" */ = {
			isa = XCConfigurationList;
			buildConfigurations = (
				79D806E025D439B1005BD83F /* Debug */,
				79D806E125D439B1005BD83F /* Release */,
			);
			defaultConfigurationIsVisible = 0;
			defaultConfigurationName = Release;
		};
		79D806E225D439B1005BD83F /* Build configuration list for PBXNativeTarget "TheSwitcher_FabioMs" */ = {
			isa = XCConfigurationList;
			buildConfigurations = (
				79D806E325D439B1005BD83F /* Debug */,
				79D806E425D439B1005BD83F /* Release */,
			);
			defaultConfigurationIsVisible = 0;
			defaultConfigurationName = Release;
		};
		79D806E525D439B1005BD83F /* Build configuration list for PBXNativeTarget "TheSwitcher_FabioMsTests" */ = {
			isa = XCConfigurationList;
			buildConfigurations = (
				79D806E625D439B1005BD83F /* Debug */,
				79D806E725D439B1005BD83F /* Release */,
			);
			defaultConfigurationIsVisible = 0;
			defaultConfigurationName = Release;
		};
		79D806E825D439B1005BD83F /* Build configuration list for PBXNativeTarget "TheSwitcher_FabioMsUITests" */ = {
			isa = XCConfigurationList;
			buildConfigurations = (
				79D806E925D439B1005BD83F /* Debug */,
				79D806EA25D439B1005BD83F /* Release */,
			);
			defaultConfigurationIsVisible = 0;
			defaultConfigurationName = Release;
		};
/* End XCConfigurationList section */
	};
	rootObject = 79D806B025D439AE005BD83F /* Project object */;
}
